// !$*UTF8*$!
{
	archiveVersion = 1;
	classes = {
	};
	objectVersion = 46;
	objects = {
/* Begin PBXBuildFile section */
		01A14DDC64C846FDB4F34156 /* GCDWebServerFileResponse.m in Sources */ = {isa = PBXBuildFile; fileRef = 5FAF50E8E6684EA6BA59B6F6 /* GCDWebServerFileResponse.m */; };
		0207DA581B56EA530066E2B4 /* Images.xcassets in Resources */ = {isa = PBXBuildFile; fileRef = 0207DA571B56EA530066E2B4 /* Images.xcassets */; };
		0E3BA5ED46DF456BBC3C3568 /* CDVJpegHeaderWriter.m in Sources */ = {isa = PBXBuildFile; fileRef = 6AE0B635930A47ACA53E7322 /* CDVJpegHeaderWriter.m */; };
		1D3623260D0F684500981E51 /* AppDelegate.m in Sources */ = {isa = PBXBuildFile; fileRef = 1D3623250D0F684500981E51 /* AppDelegate.m */; };
		1D60589B0D05DD56006BFB54 /* main.m in Sources */ = {isa = PBXBuildFile; fileRef = 29B97316FDCFA39411CA2CEA /* main.m */; };
		1E8E0EE8231E413094FE7655 /* GCDWebServerFunctions.m in Sources */ = {isa = PBXBuildFile; fileRef = 89B994FB53DA480492FCE067 /* GCDWebServerFunctions.m */; };
		25743A5DAE9149FAB2997523 /* AVFoundation.framework in Frameworks */ = {isa = PBXBuildFile; fileRef = CCD6389502B4462A8DE9D76A /* AVFoundation.framework */; };
		2965F8F9C6944D85A5BE7C48 /* CoreTelephony.framework in Frameworks */ = {isa = PBXBuildFile; fileRef = 2EE9331DC15B4BD39B6F6ACF /* CoreTelephony.framework */; };
		2F0E465E524F4A7BBF5C95AC /* ImageIO.framework in Frameworks */ = {isa = PBXBuildFile; fileRef = F6F5E523CE584472865FE670 /* ImageIO.framework */; settings = {ATTRIBUTES = (Weak, ); }; };
		301BF552109A68D80062928A /* libCordova.a in Frameworks */ = {isa = PBXBuildFile; fileRef = 301BF535109A57CC0062928A /* libCordova.a */; };
		302D95F114D2391D003F00A1 /* MainViewController.m in Sources */ = {isa = PBXBuildFile; fileRef = 302D95EF14D2391D003F00A1 /* MainViewController.m */; };
		302D95F214D2391D003F00A1 /* MainViewController.xib in Resources */ = {isa = PBXBuildFile; fileRef = 302D95F014D2391D003F00A1 /* MainViewController.xib */; };
		34EF5ED3741A46D6942E2E01 /* CoreLocation.framework in Frameworks */ = {isa = PBXBuildFile; fileRef = A732BFBAB97444BD943A3FBE /* CoreLocation.framework */; };
		4383AD7F78D04F1494A775F4 /* GCDWebServer.m in Sources */ = {isa = PBXBuildFile; fileRef = F112F358FB22430B95FE0F01 /* GCDWebServer.m */; };
		476A1B48DD824E41B3A06687 /* CDVFileTransfer.m in Sources */ = {isa = PBXBuildFile; fileRef = 7107CC71EF2E4275AEC081C6 /* CDVFileTransfer.m */; };
		48C0C04AE5464859A8B8BD2C /* GCDWebServerURLEncodedFormRequest.m in Sources */ = {isa = PBXBuildFile; fileRef = B2FE3810277A431AB87870BD /* GCDWebServerURLEncodedFormRequest.m */; };
		52B248EF434A43FCBCF8101F /* AFURLRequestSerialization.m in Sources */ = {isa = PBXBuildFile; fileRef = 3BBDC19C687B4F5E8E4CAA8E /* AFURLRequestSerialization.m */; };
		56A48BD712434E79A24793BC /* GCDWebServerRequest.m in Sources */ = {isa = PBXBuildFile; fileRef = 2637A8CE08174CD0B0186B64 /* GCDWebServerRequest.m */; };
		56AD58A0308F46B08BB0EAEB /* CDVStatusBar.m in Sources */ = {isa = PBXBuildFile; fileRef = F2DF36BD753C4CE484B8BD40 /* CDVStatusBar.m */; };
		5BD22DFEBC55402993BE56C7 /* CDVAssetLibraryFilesystem.m in Sources */ = {isa = PBXBuildFile; fileRef = 0A0F150665094115862D1F90 /* CDVAssetLibraryFilesystem.m */; };
		5F814129EDB843FE8B4C4656 /* GCDWebServerFileRequest.m in Sources */ = {isa = PBXBuildFile; fileRef = 24C3CBFCDCCD487AB12D9CAE /* GCDWebServerFileRequest.m */; };
		62FD930FA42F47C797D375DC /* Razorpay.framework in Frameworks */ = {isa = PBXBuildFile; fileRef = C80FE7ABDFBF4695A8427064 /* Razorpay.framework */; };
		6882F53F19B84AA0B849FF5B /* CDVWKWebViewUIDelegate.m in Sources */ = {isa = PBXBuildFile; fileRef = DACC2F9B723C4B6E856C4E2A /* CDVWKWebViewUIDelegate.m */; };
		6AFF5BF91D6E424B00AB3073 /* CDVLaunchScreen.storyboard in Resources */ = {isa = PBXBuildFile; fileRef = 6AFF5BF81D6E424B00AB3073 /* CDVLaunchScreen.storyboard */; };
		6CE0FEDE855F49379F389598 /* AFNetworkReachabilityManager.m in Sources */ = {isa = PBXBuildFile; fileRef = E6D8E85485E54BB686AF9F26 /* AFNetworkReachabilityManager.m */; };
		6CF288EB191547D19323EFE7 /* CordovaHttpPlugin.m in Sources */ = {isa = PBXBuildFile; fileRef = FA8104ABF8EC486797223E86 /* CordovaHttpPlugin.m */; };
		707EBAC7B0E64680B9EF68B0 /* CDVFile.m in Sources */ = {isa = PBXBuildFile; fileRef = F1FD1CE88A614F21B1020C37 /* CDVFile.m */; };
		74BF5263A08141558ECA7B37 /* GCDWebServerMultiPartFormRequest.m in Sources */ = {isa = PBXBuildFile; fileRef = BFB6C72C56364ECB9EA5A220 /* GCDWebServerMultiPartFormRequest.m */; };
		7C79F66B5D1E40FC937F7B0B /* CDVSplashScreen.m in Sources */ = {isa = PBXBuildFile; fileRef = C199D53493BB4589B63EBC6A /* CDVSplashScreen.m */; };
		7E4F5971C87C43419F8D0422 /* GCDWebServerStreamedResponse.m in Sources */ = {isa = PBXBuildFile; fileRef = B22B60C4F7C2434988FA4A69 /* GCDWebServerStreamedResponse.m */; };
		81AA1792856C454DA8088564 /* AFSecurityPolicy.m in Sources */ = {isa = PBXBuildFile; fileRef = B060A67E200B43FE8EC726F7 /* AFSecurityPolicy.m */; };
		849E5E2DD6F145BFAC026233 /* UIImage+CropScaleOrientation.m in Sources */ = {isa = PBXBuildFile; fileRef = EA8AB4B219A54AC89C31983D /* UIImage+CropScaleOrientation.m */; };
		8705272D7C9E4FA2B03F2C71 /* AFHTTPSessionManager.m in Sources */ = {isa = PBXBuildFile; fileRef = 06228E83195042C5AFA9E7C9 /* AFHTTPSessionManager.m */; };
		8A5EAEB3ACB84F78A9801ED3 /* WebKit.framework in Frameworks */ = {isa = PBXBuildFile; fileRef = 51210ABE234B4AD1AD7B7753 /* WebKit.framework */; settings = {ATTRIBUTES = (Weak, ); }; };
		8C1C75B2289247CEAE4D48C4 /* AFURLSessionManager.m in Sources */ = {isa = PBXBuildFile; fileRef = 1151C5DE881B4692AB89FD89 /* AFURLSessionManager.m */; };
		9164C1C4541D46A992427ED3 /* GCDWebServerDataRequest.m in Sources */ = {isa = PBXBuildFile; fileRef = 443A65A74B4F443B8BEDDAF2 /* GCDWebServerDataRequest.m */; };
		918D13F535424100B51D0381 /* libz.tbd in Frameworks */ = {isa = PBXBuildFile; fileRef = 00018CABE7CA497CB577604E /* libz.tbd */; };
		9344A9AF518D412187CD87BA /* SystemConfiguration.framework in Frameworks */ = {isa = PBXBuildFile; fileRef = 5E056591C076417DAA6C5154 /* SystemConfiguration.framework */; };
		9B430645FE2F46F89E6501D8 /* AFURLResponseSerialization.m in Sources */ = {isa = PBXBuildFile; fileRef = D3B1433C6CA44BA89C0BEBDC /* AFURLResponseSerialization.m */; };
		A43AA7A69CBC441FA2634F9C /* GCDWebServerConnection.m in Sources */ = {isa = PBXBuildFile; fileRef = 842E8BDA8DEC4F22B3D9DA3C /* GCDWebServerConnection.m */; };
		A8DCF8E9AE854697BFF0660B /* AppVersion.m in Sources */ = {isa = PBXBuildFile; fileRef = 8321FF9B071D41449F2B7775 /* AppVersion.m */; };
		BF0D7913DF714880B06312DB /* GCDWebServerResponse.m in Sources */ = {isa = PBXBuildFile; fileRef = 418E7CE7B70347A8A9C81FEB /* GCDWebServerResponse.m */; };
		BF1E4D50CCD64A39BD06A84C /* Security.framework in Frameworks */ = {isa = PBXBuildFile; fileRef = CF1A608140B94672859BFA01 /* Security.framework */; };
		BFA8BAE8CD614E3EAC61900B /* CDVDevice.m in Sources */ = {isa = PBXBuildFile; fileRef = 05F5677927BE4996B8C42869 /* CDVDevice.m */; };
		BFBE0E27D7D6435DA1E38D37 /* CDVViewController+SplashScreen.m in Sources */ = {isa = PBXBuildFile; fileRef = FBC389213F324127BA8CD182 /* CDVViewController+SplashScreen.m */; };
		C16AC4DA10D046CD817E9280 /* CDVWKWebViewEngine.m in Sources */ = {isa = PBXBuildFile; fileRef = 8D7A53BA9DF342A692F95C73 /* CDVWKWebViewEngine.m */; };
		C207C1B7ED3342B18CEFBE99 /* TextResponseSerializer.m in Sources */ = {isa = PBXBuildFile; fileRef = B88B4F9D7D424D92983CD64D /* TextResponseSerializer.m */; };
		C63B619B1D854494AB7F2458 /* CDVWKProcessPoolFactory.m in Sources */ = {isa = PBXBuildFile; fileRef = 75A087299022496AB24DA3FB /* CDVWKProcessPoolFactory.m */; };
		C991D765440349818B138ED8 /* GCDWebServerErrorResponse.m in Sources */ = {isa = PBXBuildFile; fileRef = 3150552B518C4A16AB393D50 /* GCDWebServerErrorResponse.m */; };
		CB229F007E654A9DAA62BE36 /* RareloopAppVersion.m in Sources */ = {isa = PBXBuildFile; fileRef = BAD9EFFBA5E1467089CAA6B7 /* RareloopAppVersion.m */; };
		D161D912651943F280C32CCC /* PhotoViewer.m in Sources */ = {isa = PBXBuildFile; fileRef = 74D265217B4347FFBDC35A6C /* PhotoViewer.m */; };
		D2C3CF9D6EE143C09A78B1B6 /* SDNetworkActivityIndicator.m in Sources */ = {isa = PBXBuildFile; fileRef = 87CB631692574389AD8FAA25 /* SDNetworkActivityIndicator.m */; };
		D64D2D39F1264F82949E5D8D /* TextRequestSerializer.m in Sources */ = {isa = PBXBuildFile; fileRef = B53C93AD43A34633BDD70D01 /* TextRequestSerializer.m */; };
		DA0395461F764D34984DC45E /* CDVLocalFilesystem.m in Sources */ = {isa = PBXBuildFile; fileRef = E6AAB6666DAE405BABEB9335 /* CDVLocalFilesystem.m */; };
		DAE7EEF8CB084C11B12E5B9B /* CDVIonicKeyboard.m in Sources */ = {isa = PBXBuildFile; fileRef = C4F08AB453554666918F826F /* CDVIonicKeyboard.m */; };
		DD3F748E8A3741CBBBE890E5 /* GCDWebServerDataResponse.m in Sources */ = {isa = PBXBuildFile; fileRef = B8152952FF8E4AD3AF461189 /* GCDWebServerDataResponse.m */; };
		E475323861CC4C34A7F1115E /* Main.m in Sources */ = {isa = PBXBuildFile; fileRef = 5CFA49C2B8074A0B8220FA32 /* Main.m */; };
		E60A6943C213479F862782D1 /* CDVCamera.m in Sources */ = {isa = PBXBuildFile; fileRef = 55EAEBD02ADD484593374083 /* CDVCamera.m */; };
		FF5C78CE3B3444E5A8DBD77D /* CDVMarket.m in Sources */ = {isa = PBXBuildFile; fileRef = 2458AA67618342749D69A1BF /* CDVMarket.m */; };
		3E745923A8BF4BC3A861CB03 /* CFCallNumber.m in Sources */ = {isa = PBXBuildFile; fileRef = E0F02B3DA9EC44DFA34B4146 /* CFCallNumber.m */; };
		5A1838F6C544475CA8B1E941 /* CDVTTS.m in Sources */ = {isa = PBXBuildFile; fileRef = F231EFAE57E6407BB7ECBB2D /* CDVTTS.m */; };
/* End PBXBuildFile section */

/* Begin PBXContainerItemProxy section */
		301BF534109A57CC0062928A /* PBXContainerItemProxy */ = {
			isa = PBXContainerItemProxy;
			containerPortal = 301BF52D109A57CC0062928A /* CordovaLib/CordovaLib.xcodeproj */;
			proxyType = 2;
			remoteGlobalIDString = D2AAC07E0554694100DB518D;
			remoteInfo = CordovaLib;
		};
		301BF550109A68C00062928A /* PBXContainerItemProxy */ = {
			isa = PBXContainerItemProxy;
			containerPortal = 301BF52D109A57CC0062928A /* CordovaLib/CordovaLib.xcodeproj */;
			proxyType = 1;
			remoteGlobalIDString = D2AAC07D0554694100DB518D;
			remoteInfo = CordovaLib;
		};
		3930181F21CCB77A00C5B831 /* PBXContainerItemProxy */ = {
			isa = PBXContainerItemProxy;
			containerPortal = 301BF52D109A57CC0062928A /* CordovaLib/CordovaLib.xcodeproj */;
			proxyType = 2;
			remoteGlobalIDString = C0C01EB21E3911D50056E6CB;
			remoteInfo = Cordova;
		};
/* End PBXContainerItemProxy section */

/* Begin PBXFileReference section */
		00018CABE7CA497CB577604E /* libz.tbd */ = {isa = PBXFileReference; explicitFileType = undefined; fileEncoding = 9; includeInIndex = 0; lastKnownFileType = "sourcecode.text-based-dylib-definition"; name = libz.tbd; path = usr/lib/libz.tbd; sourceTree = SDKROOT; };
		0207DA571B56EA530066E2B4 /* Images.xcassets */ = {isa = PBXFileReference; lastKnownFileType = folder.assetcatalog; name = Images.xcassets; path = "Medicine Shoppee/Images.xcassets"; sourceTree = SOURCE_ROOT; };
		04F61E9975DC46B9926E7759 /* AFURLRequestSerialization.h */ = {isa = PBXFileReference; explicitFileType = undefined; fileEncoding = 4; includeInIndex = 0; lastKnownFileType = sourcecode.c.h; name = AFURLRequestSerialization.h; path = "cordova-plugin-advanced-http/AFURLRequestSerialization.h"; sourceTree = "<group>"; };
		04F86DF212B64985BE3AF41C /* CDVWKProcessPoolFactory.h */ = {isa = PBXFileReference; explicitFileType = undefined; fileEncoding = 4; includeInIndex = 0; lastKnownFileType = sourcecode.c.h; name = CDVWKProcessPoolFactory.h; path = "cordova-plugin-ionic-webview/CDVWKProcessPoolFactory.h"; sourceTree = "<group>"; };
		05F5677927BE4996B8C42869 /* CDVDevice.m */ = {isa = PBXFileReference; explicitFileType = undefined; fileEncoding = 4; includeInIndex = 0; lastKnownFileType = sourcecode.c.objc; name = CDVDevice.m; path = "cordova-plugin-device/CDVDevice.m"; sourceTree = "<group>"; };
		06228E83195042C5AFA9E7C9 /* AFHTTPSessionManager.m */ = {isa = PBXFileReference; explicitFileType = undefined; fileEncoding = 4; includeInIndex = 0; lastKnownFileType = sourcecode.c.objc; name = AFHTTPSessionManager.m; path = "cordova-plugin-advanced-http/AFHTTPSessionManager.m"; sourceTree = "<group>"; };
		07E9C499688940FFBC1EA3E1 /* SDNetworkActivityIndicator.h */ = {isa = PBXFileReference; explicitFileType = undefined; fileEncoding = 4; includeInIndex = 0; lastKnownFileType = sourcecode.c.h; name = SDNetworkActivityIndicator.h; path = "cordova-plugin-advanced-http/SDNetworkActivityIndicator.h"; sourceTree = "<group>"; };
		085AB4F5DBEF43D7B689E8D8 /* GCDWebServerMultiPartFormRequest.h */ = {isa = PBXFileReference; explicitFileType = undefined; fileEncoding = 4; includeInIndex = 0; lastKnownFileType = sourcecode.c.h; name = GCDWebServerMultiPartFormRequest.h; path = "cordova-plugin-ionic-webview/GCDWebServerMultiPartFormRequest.h"; sourceTree = "<group>"; };
		0A0F150665094115862D1F90 /* CDVAssetLibraryFilesystem.m */ = {isa = PBXFileReference; explicitFileType = undefined; fileEncoding = 4; includeInIndex = 0; lastKnownFileType = sourcecode.c.objc; name = CDVAssetLibraryFilesystem.m; path = "cordova-plugin-file/CDVAssetLibraryFilesystem.m"; sourceTree = "<group>"; };
		0A2F6898BBC44B56983ABE0D /* CDVJpegHeaderWriter.h */ = {isa = PBXFileReference; explicitFileType = undefined; fileEncoding = 4; includeInIndex = 0; lastKnownFileType = sourcecode.c.h; name = CDVJpegHeaderWriter.h; path = "cordova-plugin-camera/CDVJpegHeaderWriter.h"; sourceTree = "<group>"; };
		0BE60822BC704039975E84FF /* CDVViewController+SplashScreen.h */ = {isa = PBXFileReference; explicitFileType = undefined; fileEncoding = 4; includeInIndex = 0; lastKnownFileType = sourcecode.c.h; name = "CDVViewController+SplashScreen.h"; path = "cordova-plugin-splashscreen/CDVViewController+SplashScreen.h"; sourceTree = "<group>"; };
		0FB22526B8A0432BBEA4D07D /* TextRequestSerializer.h */ = {isa = PBXFileReference; explicitFileType = undefined; fileEncoding = 4; includeInIndex = 0; lastKnownFileType = sourcecode.c.h; name = TextRequestSerializer.h; path = "cordova-plugin-advanced-http/TextRequestSerializer.h"; sourceTree = "<group>"; };
		1151C5DE881B4692AB89FD89 /* AFURLSessionManager.m */ = {isa = PBXFileReference; explicitFileType = undefined; fileEncoding = 4; includeInIndex = 0; lastKnownFileType = sourcecode.c.objc; name = AFURLSessionManager.m; path = "cordova-plugin-advanced-http/AFURLSessionManager.m"; sourceTree = "<group>"; };
		1D3623240D0F684500981E51 /* AppDelegate.h */ = {isa = PBXFileReference; fileEncoding = 4; lastKnownFileType = sourcecode.c.h; path = AppDelegate.h; sourceTree = "<group>"; };
		1D3623250D0F684500981E51 /* AppDelegate.m */ = {isa = PBXFileReference; fileEncoding = 4; lastKnownFileType = sourcecode.c.objc; path = AppDelegate.m; sourceTree = "<group>"; };
		1D6058910D05DD3D006BFB54 /* Medicine Shoppee.app */ = {isa = PBXFileReference; explicitFileType = wrapper.application; includeInIndex = 0; path = "Medicine Shoppee.app"; sourceTree = BUILT_PRODUCTS_DIR; };
		1ED7FE16411A400CB5B98EBD /* GCDWebServerErrorResponse.h */ = {isa = PBXFileReference; explicitFileType = undefined; fileEncoding = 4; includeInIndex = 0; lastKnownFileType = sourcecode.c.h; name = GCDWebServerErrorResponse.h; path = "cordova-plugin-ionic-webview/GCDWebServerErrorResponse.h"; sourceTree = "<group>"; };
		214A31187E92458C9BDA3AC6 /* GCDWebServerHTTPStatusCodes.h */ = {isa = PBXFileReference; explicitFileType = undefined; fileEncoding = 4; includeInIndex = 0; lastKnownFileType = sourcecode.c.h; name = GCDWebServerHTTPStatusCodes.h; path = "cordova-plugin-ionic-webview/GCDWebServerHTTPStatusCodes.h"; sourceTree = "<group>"; };
		24C3CBFCDCCD487AB12D9CAE /* GCDWebServerFileRequest.m */ = {isa = PBXFileReference; explicitFileType = undefined; fileEncoding = 4; includeInIndex = 0; lastKnownFileType = sourcecode.c.objc; name = GCDWebServerFileRequest.m; path = "cordova-plugin-ionic-webview/GCDWebServerFileRequest.m"; sourceTree = "<group>"; };
		2637A8CE08174CD0B0186B64 /* GCDWebServerRequest.m */ = {isa = PBXFileReference; explicitFileType = undefined; fileEncoding = 4; includeInIndex = 0; lastKnownFileType = sourcecode.c.objc; name = GCDWebServerRequest.m; path = "cordova-plugin-ionic-webview/GCDWebServerRequest.m"; sourceTree = "<group>"; };
		29B97316FDCFA39411CA2CEA /* main.m */ = {isa = PBXFileReference; fileEncoding = 4; lastKnownFileType = sourcecode.c.objc; path = main.m; sourceTree = "<group>"; };
		2D7E719D0B854426BB6A0711 /* GCDWebServerRequest.h */ = {isa = PBXFileReference; explicitFileType = undefined; fileEncoding = 4; includeInIndex = 0; lastKnownFileType = sourcecode.c.h; name = GCDWebServerRequest.h; path = "cordova-plugin-ionic-webview/GCDWebServerRequest.h"; sourceTree = "<group>"; };
		2EE9331DC15B4BD39B6F6ACF /* CoreTelephony.framework */ = {isa = PBXFileReference; explicitFileType = undefined; fileEncoding = 9; includeInIndex = 0; lastKnownFileType = wrapper.framework; name = CoreTelephony.framework; path = System/Library/Frameworks/CoreTelephony.framework; sourceTree = SDKROOT; };
		301BF52D109A57CC0062928A /* CordovaLib/CordovaLib.xcodeproj */ = {isa = PBXFileReference; lastKnownFileType = "wrapper.pb-project"; path = CordovaLib/CordovaLib.xcodeproj; sourceTree = "<group>"; };
		301BF56E109A69640062928A /* www */ = {isa = PBXFileReference; lastKnownFileType = folder; path = www; sourceTree = SOURCE_ROOT; };
		302D95EE14D2391D003F00A1 /* MainViewController.h */ = {isa = PBXFileReference; fileEncoding = 4; lastKnownFileType = sourcecode.c.h; path = MainViewController.h; sourceTree = "<group>"; };
		302D95EF14D2391D003F00A1 /* MainViewController.m */ = {isa = PBXFileReference; fileEncoding = 4; lastKnownFileType = sourcecode.c.objc; path = MainViewController.m; sourceTree = "<group>"; };
		302D95F014D2391D003F00A1 /* MainViewController.xib */ = {isa = PBXFileReference; fileEncoding = 4; lastKnownFileType = file.xib; path = MainViewController.xib; sourceTree = "<group>"; };
		3047A50F1AB8059700498E2A /* build-debug.xcconfig */ = {isa = PBXFileReference; fileEncoding = 4; lastKnownFileType = text.xcconfig; name = "build-debug.xcconfig"; path = "cordova/build-debug.xcconfig"; sourceTree = SOURCE_ROOT; };
		3047A5101AB8059700498E2A /* build-release.xcconfig */ = {isa = PBXFileReference; fileEncoding = 4; lastKnownFileType = text.xcconfig; name = "build-release.xcconfig"; path = "cordova/build-release.xcconfig"; sourceTree = SOURCE_ROOT; };
		3047A5111AB8059700498E2A /* build.xcconfig */ = {isa = PBXFileReference; fileEncoding = 4; lastKnownFileType = text.xcconfig; name = build.xcconfig; path = cordova/build.xcconfig; sourceTree = SOURCE_ROOT; };
		3150552B518C4A16AB393D50 /* GCDWebServerErrorResponse.m */ = {isa = PBXFileReference; explicitFileType = undefined; fileEncoding = 4; includeInIndex = 0; lastKnownFileType = sourcecode.c.objc; name = GCDWebServerErrorResponse.m; path = "cordova-plugin-ionic-webview/GCDWebServerErrorResponse.m"; sourceTree = "<group>"; };
		32CA4F630368D1EE00C91783 /* Medicine Shoppee-Prefix.pch */ = {isa = PBXFileReference; fileEncoding = 4; lastKnownFileType = sourcecode.c.h; path = "Medicine Shoppee-Prefix.pch"; sourceTree = "<group>"; };
		3BBDC19C687B4F5E8E4CAA8E /* AFURLRequestSerialization.m */ = {isa = PBXFileReference; explicitFileType = undefined; fileEncoding = 4; includeInIndex = 0; lastKnownFileType = sourcecode.c.objc; name = AFURLRequestSerialization.m; path = "cordova-plugin-advanced-http/AFURLRequestSerialization.m"; sourceTree = "<group>"; };
		3CF5193AE19B4ACBAD61F3DD /* GCDWebServerDataResponse.h */ = {isa = PBXFileReference; explicitFileType = undefined; fileEncoding = 4; includeInIndex = 0; lastKnownFileType = sourcecode.c.h; name = GCDWebServerDataResponse.h; path = "cordova-plugin-ionic-webview/GCDWebServerDataResponse.h"; sourceTree = "<group>"; };
		3DAE0BCBE1084C009F5D99A0 /* CDVWKWebViewUIDelegate.h */ = {isa = PBXFileReference; explicitFileType = undefined; fileEncoding = 4; includeInIndex = 0; lastKnownFileType = sourcecode.c.h; name = CDVWKWebViewUIDelegate.h; path = "cordova-plugin-ionic-webview/CDVWKWebViewUIDelegate.h"; sourceTree = "<group>"; };
		3F69EC92175D407B9A2D3A7B /* CDVLocalFilesystem.h */ = {isa = PBXFileReference; explicitFileType = undefined; fileEncoding = 4; includeInIndex = 0; lastKnownFileType = sourcecode.c.h; name = CDVLocalFilesystem.h; path = "cordova-plugin-file/CDVLocalFilesystem.h"; sourceTree = "<group>"; };
		411379C6637D4880A6B0EC3B /* AppVersion.h */ = {isa = PBXFileReference; explicitFileType = undefined; fileEncoding = 4; includeInIndex = 0; lastKnownFileType = sourcecode.c.h; name = AppVersion.h; path = "cordova-plugin-app-version/AppVersion.h"; sourceTree = "<group>"; };
		418E7CE7B70347A8A9C81FEB /* GCDWebServerResponse.m */ = {isa = PBXFileReference; explicitFileType = undefined; fileEncoding = 4; includeInIndex = 0; lastKnownFileType = sourcecode.c.objc; name = GCDWebServerResponse.m; path = "cordova-plugin-ionic-webview/GCDWebServerResponse.m"; sourceTree = "<group>"; };
		443A65A74B4F443B8BEDDAF2 /* GCDWebServerDataRequest.m */ = {isa = PBXFileReference; explicitFileType = undefined; fileEncoding = 4; includeInIndex = 0; lastKnownFileType = sourcecode.c.objc; name = GCDWebServerDataRequest.m; path = "cordova-plugin-ionic-webview/GCDWebServerDataRequest.m"; sourceTree = "<group>"; };
		497F91EA9F3B404496AA191C /* GCDWebServerFunctions.h */ = {isa = PBXFileReference; explicitFileType = undefined; fileEncoding = 4; includeInIndex = 0; lastKnownFileType = sourcecode.c.h; name = GCDWebServerFunctions.h; path = "cordova-plugin-ionic-webview/GCDWebServerFunctions.h"; sourceTree = "<group>"; };
		4C67ECEBD7E24670AD7D83E3 /* AFHTTPSessionManager.h */ = {isa = PBXFileReference; explicitFileType = undefined; fileEncoding = 4; includeInIndex = 0; lastKnownFileType = sourcecode.c.h; name = AFHTTPSessionManager.h; path = "cordova-plugin-advanced-http/AFHTTPSessionManager.h"; sourceTree = "<group>"; };
		51210ABE234B4AD1AD7B7753 /* WebKit.framework */ = {isa = PBXFileReference; explicitFileType = undefined; fileEncoding = 9; includeInIndex = 0; lastKnownFileType = wrapper.framework; name = WebKit.framework; path = System/Library/Frameworks/WebKit.framework; sourceTree = SDKROOT; };
		55EAEBD02ADD484593374083 /* CDVCamera.m */ = {isa = PBXFileReference; explicitFileType = undefined; fileEncoding = 4; includeInIndex = 0; lastKnownFileType = sourcecode.c.objc; name = CDVCamera.m; path = "cordova-plugin-camera/CDVCamera.m"; sourceTree = "<group>"; };
		57528BD474D243989CFE95F2 /* GCDWebServerPrivate.h */ = {isa = PBXFileReference; explicitFileType = undefined; fileEncoding = 4; includeInIndex = 0; lastKnownFileType = sourcecode.c.h; name = GCDWebServerPrivate.h; path = "cordova-plugin-ionic-webview/GCDWebServerPrivate.h"; sourceTree = "<group>"; };
		5A2E293D4E03452F88770112 /* AFNetworking.h */ = {isa = PBXFileReference; explicitFileType = undefined; fileEncoding = 4; includeInIndex = 0; lastKnownFileType = sourcecode.c.h; name = AFNetworking.h; path = "cordova-plugin-advanced-http/AFNetworking.h"; sourceTree = "<group>"; };
		5CFA49C2B8074A0B8220FA32 /* Main.m */ = {isa = PBXFileReference; explicitFileType = undefined; fileEncoding = 4; includeInIndex = 0; lastKnownFileType = sourcecode.c.objc; name = Main.m; path = com.razorpay.cordova/Razorpay/Main.m; sourceTree = "<group>"; };
		5D064583FC064BAEB73A6DE8 /* CDVExif.h */ = {isa = PBXFileReference; explicitFileType = undefined; fileEncoding = 4; includeInIndex = 0; lastKnownFileType = sourcecode.c.h; name = CDVExif.h; path = "cordova-plugin-camera/CDVExif.h"; sourceTree = "<group>"; };
		5E056591C076417DAA6C5154 /* SystemConfiguration.framework */ = {isa = PBXFileReference; explicitFileType = undefined; fileEncoding = 9; includeInIndex = 0; lastKnownFileType = wrapper.framework; name = SystemConfiguration.framework; path = System/Library/Frameworks/SystemConfiguration.framework; sourceTree = SDKROOT; };
		5FAF50E8E6684EA6BA59B6F6 /* GCDWebServerFileResponse.m */ = {isa = PBXFileReference; explicitFileType = undefined; fileEncoding = 4; includeInIndex = 0; lastKnownFileType = sourcecode.c.objc; name = GCDWebServerFileResponse.m; path = "cordova-plugin-ionic-webview/GCDWebServerFileResponse.m"; sourceTree = "<group>"; };
		62C0D5DCBAF640A5B983B017 /* GCDWebServerFileResponse.h */ = {isa = PBXFileReference; explicitFileType = undefined; fileEncoding = 4; includeInIndex = 0; lastKnownFileType = sourcecode.c.h; name = GCDWebServerFileResponse.h; path = "cordova-plugin-ionic-webview/GCDWebServerFileResponse.h"; sourceTree = "<group>"; };
		646C993768A645699535685F /* GCDWebServerConnection.h */ = {isa = PBXFileReference; explicitFileType = undefined; fileEncoding = 4; includeInIndex = 0; lastKnownFileType = sourcecode.c.h; name = GCDWebServerConnection.h; path = "cordova-plugin-ionic-webview/GCDWebServerConnection.h"; sourceTree = "<group>"; };
		64852614B5DC4E0D899FBF56 /* AFURLSessionManager.h */ = {isa = PBXFileReference; explicitFileType = undefined; fileEncoding = 4; includeInIndex = 0; lastKnownFileType = sourcecode.c.h; name = AFURLSessionManager.h; path = "cordova-plugin-advanced-http/AFURLSessionManager.h"; sourceTree = "<group>"; };
		6AE0B635930A47ACA53E7322 /* CDVJpegHeaderWriter.m */ = {isa = PBXFileReference; explicitFileType = undefined; fileEncoding = 4; includeInIndex = 0; lastKnownFileType = sourcecode.c.objc; name = CDVJpegHeaderWriter.m; path = "cordova-plugin-camera/CDVJpegHeaderWriter.m"; sourceTree = "<group>"; };
		6AFF5BF81D6E424B00AB3073 /* CDVLaunchScreen.storyboard */ = {isa = PBXFileReference; fileEncoding = 4; lastKnownFileType = file.storyboard; name = CDVLaunchScreen.storyboard; path = "Medicine Shoppee/CDVLaunchScreen.storyboard"; sourceTree = SOURCE_ROOT; };
		6F542A71889346EE95C68195 /* GCDWebServerURLEncodedFormRequest.h */ = {isa = PBXFileReference; explicitFileType = undefined; fileEncoding = 4; includeInIndex = 0; lastKnownFileType = sourcecode.c.h; name = GCDWebServerURLEncodedFormRequest.h; path = "cordova-plugin-ionic-webview/GCDWebServerURLEncodedFormRequest.h"; sourceTree = "<group>"; };
		7107CC71EF2E4275AEC081C6 /* CDVFileTransfer.m */ = {isa = PBXFileReference; explicitFileType = undefined; fileEncoding = 4; includeInIndex = 0; lastKnownFileType = sourcecode.c.objc; name = CDVFileTransfer.m; path = "cordova-plugin-file-transfer/CDVFileTransfer.m"; sourceTree = "<group>"; };
		745D32712D194C0CB95AAA39 /* CDVWKWebViewEngine.h */ = {isa = PBXFileReference; explicitFileType = undefined; fileEncoding = 4; includeInIndex = 0; lastKnownFileType = sourcecode.c.h; name = CDVWKWebViewEngine.h; path = "cordova-plugin-ionic-webview/CDVWKWebViewEngine.h"; sourceTree = "<group>"; };
		74D265217B4347FFBDC35A6C /* PhotoViewer.m */ = {isa = PBXFileReference; explicitFileType = undefined; fileEncoding = 4; includeInIndex = 0; lastKnownFileType = sourcecode.c.objc; name = PhotoViewer.m; path = "com-sarriaroman-photoviewer/PhotoViewer.m"; sourceTree = "<group>"; };
		75A087299022496AB24DA3FB /* CDVWKProcessPoolFactory.m */ = {isa = PBXFileReference; explicitFileType = undefined; fileEncoding = 4; includeInIndex = 0; lastKnownFileType = sourcecode.c.objc; name = CDVWKProcessPoolFactory.m; path = "cordova-plugin-ionic-webview/CDVWKProcessPoolFactory.m"; sourceTree = "<group>"; };
		78F17823DB3A40D1BA10D529 /* GCDWebServerResponse.h */ = {isa = PBXFileReference; explicitFileType = undefined; fileEncoding = 4; includeInIndex = 0; lastKnownFileType = sourcecode.c.h; name = GCDWebServerResponse.h; path = "cordova-plugin-ionic-webview/GCDWebServerResponse.h"; sourceTree = "<group>"; };
		8321FF9B071D41449F2B7775 /* AppVersion.m */ = {isa = PBXFileReference; explicitFileType = undefined; fileEncoding = 4; includeInIndex = 0; lastKnownFileType = sourcecode.c.objc; name = AppVersion.m; path = "cordova-plugin-app-version/AppVersion.m"; sourceTree = "<group>"; };
		842E8BDA8DEC4F22B3D9DA3C /* GCDWebServerConnection.m */ = {isa = PBXFileReference; explicitFileType = undefined; fileEncoding = 4; includeInIndex = 0; lastKnownFileType = sourcecode.c.objc; name = GCDWebServerConnection.m; path = "cordova-plugin-ionic-webview/GCDWebServerConnection.m"; sourceTree = "<group>"; };
		87CB631692574389AD8FAA25 /* SDNetworkActivityIndicator.m */ = {isa = PBXFileReference; explicitFileType = undefined; fileEncoding = 4; includeInIndex = 0; lastKnownFileType = sourcecode.c.objc; name = SDNetworkActivityIndicator.m; path = "cordova-plugin-advanced-http/SDNetworkActivityIndicator.m"; sourceTree = "<group>"; };
		88D4A7DECBC34302AA724ED8 /* CDVAssetLibraryFilesystem.h */ = {isa = PBXFileReference; explicitFileType = undefined; fileEncoding = 4; includeInIndex = 0; lastKnownFileType = sourcecode.c.h; name = CDVAssetLibraryFilesystem.h; path = "cordova-plugin-file/CDVAssetLibraryFilesystem.h"; sourceTree = "<group>"; };
		89A7C910FC214C4AACA34E8A /* CDVStatusBar.h */ = {isa = PBXFileReference; explicitFileType = undefined; fileEncoding = 4; includeInIndex = 0; lastKnownFileType = sourcecode.c.h; name = CDVStatusBar.h; path = "cordova-plugin-statusbar/CDVStatusBar.h"; sourceTree = "<group>"; };
		89B994FB53DA480492FCE067 /* GCDWebServerFunctions.m */ = {isa = PBXFileReference; explicitFileType = undefined; fileEncoding = 4; includeInIndex = 0; lastKnownFileType = sourcecode.c.objc; name = GCDWebServerFunctions.m; path = "cordova-plugin-ionic-webview/GCDWebServerFunctions.m"; sourceTree = "<group>"; };
		8A570C31A8BB404EBAD8A84C /* CDVFile.h */ = {isa = PBXFileReference; explicitFileType = undefined; fileEncoding = 4; includeInIndex = 0; lastKnownFileType = sourcecode.c.h; name = CDVFile.h; path = "cordova-plugin-file/CDVFile.h"; sourceTree = "<group>"; };
		8D1107310486CEB800E47090 /* Medicine Shoppee-Info.plist */ = {isa = PBXFileReference; fileEncoding = 4; lastKnownFileType = text.plist.xml; name = "Medicine Shoppee-Info.plist"; path = "Medicine Shoppee/Medicine Shoppee-Info.plist"; plistStructureDefinitionIdentifier = "com.apple.xcode.plist.structure-definition.iphone.info-plist"; sourceTree = SOURCE_ROOT; };
		8D7A53BA9DF342A692F95C73 /* CDVWKWebViewEngine.m */ = {isa = PBXFileReference; explicitFileType = undefined; fileEncoding = 4; includeInIndex = 0; lastKnownFileType = sourcecode.c.objc; name = CDVWKWebViewEngine.m; path = "cordova-plugin-ionic-webview/CDVWKWebViewEngine.m"; sourceTree = "<group>"; };
		8E225C373B954A35AF02E878 /* CordovaHttpPlugin.h */ = {isa = PBXFileReference; explicitFileType = undefined; fileEncoding = 4; includeInIndex = 0; lastKnownFileType = sourcecode.c.h; name = CordovaHttpPlugin.h; path = "cordova-plugin-advanced-http/CordovaHttpPlugin.h"; sourceTree = "<group>"; };
		9AD31227047F4850A167C398 /* CDVCamera.h */ = {isa = PBXFileReference; explicitFileType = undefined; fileEncoding = 4; includeInIndex = 0; lastKnownFileType = sourcecode.c.h; name = CDVCamera.h; path = "cordova-plugin-camera/CDVCamera.h"; sourceTree = "<group>"; };
		9D153E7558F04AE2B616C220 /* AFSecurityPolicy.h */ = {isa = PBXFileReference; explicitFileType = undefined; fileEncoding = 4; includeInIndex = 0; lastKnownFileType = sourcecode.c.h; name = AFSecurityPolicy.h; path = "cordova-plugin-advanced-http/AFSecurityPolicy.h"; sourceTree = "<group>"; };
		A19776E9313D48979E32B8EB /* CDVIonicKeyboard.h */ = {isa = PBXFileReference; explicitFileType = undefined; fileEncoding = 4; includeInIndex = 0; lastKnownFileType = sourcecode.c.h; name = CDVIonicKeyboard.h; path = "cordova-plugin-ionic-keyboard/CDVIonicKeyboard.h"; sourceTree = "<group>"; };
		A224C408A20E4607AB7F23A0 /* Main.h */ = {isa = PBXFileReference; explicitFileType = undefined; fileEncoding = 4; includeInIndex = 0; lastKnownFileType = sourcecode.c.h; name = Main.h; path = com.razorpay.cordova/Razorpay/Main.h; sourceTree = "<group>"; };
		A732BFBAB97444BD943A3FBE /* CoreLocation.framework */ = {isa = PBXFileReference; explicitFileType = undefined; fileEncoding = 9; includeInIndex = 0; lastKnownFileType = wrapper.framework; name = CoreLocation.framework; path = System/Library/Frameworks/CoreLocation.framework; sourceTree = SDKROOT; };
		A8E42F7F2AC2496EA4DFAB80 /* CDVDevice.h */ = {isa = PBXFileReference; explicitFileType = undefined; fileEncoding = 4; includeInIndex = 0; lastKnownFileType = sourcecode.c.h; name = CDVDevice.h; path = "cordova-plugin-device/CDVDevice.h"; sourceTree = "<group>"; };
		ABFAD5C94A1C4D8CA700A9CA /* UIImage+CropScaleOrientation.h */ = {isa = PBXFileReference; explicitFileType = undefined; fileEncoding = 4; includeInIndex = 0; lastKnownFileType = sourcecode.c.h; name = "UIImage+CropScaleOrientation.h"; path = "cordova-plugin-camera/UIImage+CropScaleOrientation.h"; sourceTree = "<group>"; };
		B060A67E200B43FE8EC726F7 /* AFSecurityPolicy.m */ = {isa = PBXFileReference; explicitFileType = undefined; fileEncoding = 4; includeInIndex = 0; lastKnownFileType = sourcecode.c.objc; name = AFSecurityPolicy.m; path = "cordova-plugin-advanced-http/AFSecurityPolicy.m"; sourceTree = "<group>"; };
		B22B60C4F7C2434988FA4A69 /* GCDWebServerStreamedResponse.m */ = {isa = PBXFileReference; explicitFileType = undefined; fileEncoding = 4; includeInIndex = 0; lastKnownFileType = sourcecode.c.objc; name = GCDWebServerStreamedResponse.m; path = "cordova-plugin-ionic-webview/GCDWebServerStreamedResponse.m"; sourceTree = "<group>"; };
		B2FE3810277A431AB87870BD /* GCDWebServerURLEncodedFormRequest.m */ = {isa = PBXFileReference; explicitFileType = undefined; fileEncoding = 4; includeInIndex = 0; lastKnownFileType = sourcecode.c.objc; name = GCDWebServerURLEncodedFormRequest.m; path = "cordova-plugin-ionic-webview/GCDWebServerURLEncodedFormRequest.m"; sourceTree = "<group>"; };
		B53C93AD43A34633BDD70D01 /* TextRequestSerializer.m */ = {isa = PBXFileReference; explicitFileType = undefined; fileEncoding = 4; includeInIndex = 0; lastKnownFileType = sourcecode.c.objc; name = TextRequestSerializer.m; path = "cordova-plugin-advanced-http/TextRequestSerializer.m"; sourceTree = "<group>"; };
		B56150D535CC46ABBCBE661C /* CDVSplashScreen.h */ = {isa = PBXFileReference; explicitFileType = undefined; fileEncoding = 4; includeInIndex = 0; lastKnownFileType = sourcecode.c.h; name = CDVSplashScreen.h; path = "cordova-plugin-splashscreen/CDVSplashScreen.h"; sourceTree = "<group>"; };
		B8152952FF8E4AD3AF461189 /* GCDWebServerDataResponse.m */ = {isa = PBXFileReference; explicitFileType = undefined; fileEncoding = 4; includeInIndex = 0; lastKnownFileType = sourcecode.c.objc; name = GCDWebServerDataResponse.m; path = "cordova-plugin-ionic-webview/GCDWebServerDataResponse.m"; sourceTree = "<group>"; };
		B837B559B3AC46B392FA5A88 /* AFNetworkReachabilityManager.h */ = {isa = PBXFileReference; explicitFileType = undefined; fileEncoding = 4; includeInIndex = 0; lastKnownFileType = sourcecode.c.h; name = AFNetworkReachabilityManager.h; path = "cordova-plugin-advanced-http/AFNetworkReachabilityManager.h"; sourceTree = "<group>"; };
		B88B4F9D7D424D92983CD64D /* TextResponseSerializer.m */ = {isa = PBXFileReference; explicitFileType = undefined; fileEncoding = 4; includeInIndex = 0; lastKnownFileType = sourcecode.c.objc; name = TextResponseSerializer.m; path = "cordova-plugin-advanced-http/TextResponseSerializer.m"; sourceTree = "<group>"; };
		BAD9EFFBA5E1467089CAA6B7 /* RareloopAppVersion.m */ = {isa = PBXFileReference; explicitFileType = undefined; fileEncoding = 4; includeInIndex = 0; lastKnownFileType = sourcecode.c.objc; name = RareloopAppVersion.m; path = "cordova-plugin-appversion/RareloopAppVersion.m"; sourceTree = "<group>"; };
		BFB6C72C56364ECB9EA5A220 /* GCDWebServerMultiPartFormRequest.m */ = {isa = PBXFileReference; explicitFileType = undefined; fileEncoding = 4; includeInIndex = 0; lastKnownFileType = sourcecode.c.objc; name = GCDWebServerMultiPartFormRequest.m; path = "cordova-plugin-ionic-webview/GCDWebServerMultiPartFormRequest.m"; sourceTree = "<group>"; };
		C199D53493BB4589B63EBC6A /* CDVSplashScreen.m */ = {isa = PBXFileReference; explicitFileType = undefined; fileEncoding = 4; includeInIndex = 0; lastKnownFileType = sourcecode.c.objc; name = CDVSplashScreen.m; path = "cordova-plugin-splashscreen/CDVSplashScreen.m"; sourceTree = "<group>"; };
		C4F08AB453554666918F826F /* CDVIonicKeyboard.m */ = {isa = PBXFileReference; explicitFileType = undefined; fileEncoding = 4; includeInIndex = 0; lastKnownFileType = sourcecode.c.objc; name = CDVIonicKeyboard.m; path = "cordova-plugin-ionic-keyboard/CDVIonicKeyboard.m"; sourceTree = "<group>"; };
		C80FE7ABDFBF4695A8427064 /* Razorpay.framework */ = {isa = PBXFileReference; explicitFileType = undefined; fileEncoding = 9; includeInIndex = 0; lastKnownFileType = wrapper.framework; name = Razorpay.framework; path = "Medicine Shoppee/Plugins/com.razorpay.cordova/Razorpay.framework"; sourceTree = "<group>"; };
		CCD6389502B4462A8DE9D76A /* AVFoundation.framework */ = {isa = PBXFileReference; explicitFileType = undefined; fileEncoding = 9; includeInIndex = 0; lastKnownFileType = wrapper.framework; name = AVFoundation.framework; path = System/Library/Frameworks/AVFoundation.framework; sourceTree = SDKROOT; };
		CF1A608140B94672859BFA01 /* Security.framework */ = {isa = PBXFileReference; explicitFileType = undefined; fileEncoding = 9; includeInIndex = 0; lastKnownFileType = wrapper.framework; name = Security.framework; path = System/Library/Frameworks/Security.framework; sourceTree = SDKROOT; };
		D3B1433C6CA44BA89C0BEBDC /* AFURLResponseSerialization.m */ = {isa = PBXFileReference; explicitFileType = undefined; fileEncoding = 4; includeInIndex = 0; lastKnownFileType = sourcecode.c.objc; name = AFURLResponseSerialization.m; path = "cordova-plugin-advanced-http/AFURLResponseSerialization.m"; sourceTree = "<group>"; };
		DACC2F9B723C4B6E856C4E2A /* CDVWKWebViewUIDelegate.m */ = {isa = PBXFileReference; explicitFileType = undefined; fileEncoding = 4; includeInIndex = 0; lastKnownFileType = sourcecode.c.objc; name = CDVWKWebViewUIDelegate.m; path = "cordova-plugin-ionic-webview/CDVWKWebViewUIDelegate.m"; sourceTree = "<group>"; };
		E0688DA9A2DD40B798777EA2 /* AFURLResponseSerialization.h */ = {isa = PBXFileReference; explicitFileType = undefined; fileEncoding = 4; includeInIndex = 0; lastKnownFileType = sourcecode.c.h; name = AFURLResponseSerialization.h; path = "cordova-plugin-advanced-http/AFURLResponseSerialization.h"; sourceTree = "<group>"; };
		E6AAB6666DAE405BABEB9335 /* CDVLocalFilesystem.m */ = {isa = PBXFileReference; explicitFileType = undefined; fileEncoding = 4; includeInIndex = 0; lastKnownFileType = sourcecode.c.objc; name = CDVLocalFilesystem.m; path = "cordova-plugin-file/CDVLocalFilesystem.m"; sourceTree = "<group>"; };
		E6D8E85485E54BB686AF9F26 /* AFNetworkReachabilityManager.m */ = {isa = PBXFileReference; explicitFileType = undefined; fileEncoding = 4; includeInIndex = 0; lastKnownFileType = sourcecode.c.objc; name = AFNetworkReachabilityManager.m; path = "cordova-plugin-advanced-http/AFNetworkReachabilityManager.m"; sourceTree = "<group>"; };
		E74FDB0A1C7C48A5AE29DEE9 /* CDVFileTransfer.h */ = {isa = PBXFileReference; explicitFileType = undefined; fileEncoding = 4; includeInIndex = 0; lastKnownFileType = sourcecode.c.h; name = CDVFileTransfer.h; path = "cordova-plugin-file-transfer/CDVFileTransfer.h"; sourceTree = "<group>"; };
		EA8AB4B219A54AC89C31983D /* UIImage+CropScaleOrientation.m */ = {isa = PBXFileReference; explicitFileType = undefined; fileEncoding = 4; includeInIndex = 0; lastKnownFileType = sourcecode.c.objc; name = "UIImage+CropScaleOrientation.m"; path = "cordova-plugin-camera/UIImage+CropScaleOrientation.m"; sourceTree = "<group>"; };
		EB67B28D8D90477B8F1D0D41 /* GCDWebServerDataRequest.h */ = {isa = PBXFileReference; explicitFileType = undefined; fileEncoding = 4; includeInIndex = 0; lastKnownFileType = sourcecode.c.h; name = GCDWebServerDataRequest.h; path = "cordova-plugin-ionic-webview/GCDWebServerDataRequest.h"; sourceTree = "<group>"; };
		EB87FDF31871DA8E0020F90C /* www */ = {isa = PBXFileReference; lastKnownFileType = folder; name = www; path = ../../www; sourceTree = "<group>"; };
		EB87FDF41871DAF40020F90C /* config.xml */ = {isa = PBXFileReference; lastKnownFileType = text.xml; name = config.xml; path = ../../config.xml; sourceTree = "<group>"; };
		ED33DF2A687741AEAF9F8254 /* Bridging-Header.h */ = {isa = PBXFileReference; fileEncoding = 4; lastKnownFileType = sourcecode.c.h; path = "Bridging-Header.h"; sourceTree = "<group>"; };
		F0110FC056244803BEB1872E /* GCDWebServerStreamedResponse.h */ = {isa = PBXFileReference; explicitFileType = undefined; fileEncoding = 4; includeInIndex = 0; lastKnownFileType = sourcecode.c.h; name = GCDWebServerStreamedResponse.h; path = "cordova-plugin-ionic-webview/GCDWebServerStreamedResponse.h"; sourceTree = "<group>"; };
		F112F358FB22430B95FE0F01 /* GCDWebServer.m */ = {isa = PBXFileReference; explicitFileType = undefined; fileEncoding = 4; includeInIndex = 0; lastKnownFileType = sourcecode.c.objc; name = GCDWebServer.m; path = "cordova-plugin-ionic-webview/GCDWebServer.m"; sourceTree = "<group>"; };
		F1FD1CE88A614F21B1020C37 /* CDVFile.m */ = {isa = PBXFileReference; explicitFileType = undefined; fileEncoding = 4; includeInIndex = 0; lastKnownFileType = sourcecode.c.objc; name = CDVFile.m; path = "cordova-plugin-file/CDVFile.m"; sourceTree = "<group>"; };
		F22AED1775BC452AA4129533 /* RareloopAppVersion.h */ = {isa = PBXFileReference; explicitFileType = undefined; fileEncoding = 4; includeInIndex = 0; lastKnownFileType = sourcecode.c.h; name = RareloopAppVersion.h; path = "cordova-plugin-appversion/RareloopAppVersion.h"; sourceTree = "<group>"; };
		F2DF36BD753C4CE484B8BD40 /* CDVStatusBar.m */ = {isa = PBXFileReference; explicitFileType = undefined; fileEncoding = 4; includeInIndex = 0; lastKnownFileType = sourcecode.c.objc; name = CDVStatusBar.m; path = "cordova-plugin-statusbar/CDVStatusBar.m"; sourceTree = "<group>"; };
		F6F5E523CE584472865FE670 /* ImageIO.framework */ = {isa = PBXFileReference; explicitFileType = undefined; fileEncoding = 9; includeInIndex = 0; lastKnownFileType = wrapper.framework; name = ImageIO.framework; path = System/Library/Frameworks/ImageIO.framework; sourceTree = SDKROOT; };
		F840E1F0165FE0F500CFE078 /* config.xml */ = {isa = PBXFileReference; lastKnownFileType = text.xml; name = config.xml; path = "Medicine Shoppee/config.xml"; sourceTree = "<group>"; };
		F8B1603D97D641F3B5846C1C /* GCDWebServerFileRequest.h */ = {isa = PBXFileReference; explicitFileType = undefined; fileEncoding = 4; includeInIndex = 0; lastKnownFileType = sourcecode.c.h; name = GCDWebServerFileRequest.h; path = "cordova-plugin-ionic-webview/GCDWebServerFileRequest.h"; sourceTree = "<group>"; };
		FA52C5BC2E82486583259FCE /* GCDWebServer.h */ = {isa = PBXFileReference; explicitFileType = undefined; fileEncoding = 4; includeInIndex = 0; lastKnownFileType = sourcecode.c.h; name = GCDWebServer.h; path = "cordova-plugin-ionic-webview/GCDWebServer.h"; sourceTree = "<group>"; };
		FA8104ABF8EC486797223E86 /* CordovaHttpPlugin.m */ = {isa = PBXFileReference; explicitFileType = undefined; fileEncoding = 4; includeInIndex = 0; lastKnownFileType = sourcecode.c.objc; name = CordovaHttpPlugin.m; path = "cordova-plugin-advanced-http/CordovaHttpPlugin.m"; sourceTree = "<group>"; };
		FBC389213F324127BA8CD182 /* CDVViewController+SplashScreen.m */ = {isa = PBXFileReference; explicitFileType = undefined; fileEncoding = 4; includeInIndex = 0; lastKnownFileType = sourcecode.c.objc; name = "CDVViewController+SplashScreen.m"; path = "cordova-plugin-splashscreen/CDVViewController+SplashScreen.m"; sourceTree = "<group>"; };
		FD6ED5730D114981A0F0A183 /* TextResponseSerializer.h */ = {isa = PBXFileReference; explicitFileType = undefined; fileEncoding = 4; includeInIndex = 0; lastKnownFileType = sourcecode.c.h; name = TextResponseSerializer.h; path = "cordova-plugin-advanced-http/TextResponseSerializer.h"; sourceTree = "<group>"; };
		2458AA67618342749D69A1BF /* CDVMarket.m */ = {isa = PBXFileReference; name = "CDVMarket.m"; path = "cordova-plugin-market/CDVMarket.m"; sourceTree = "<group>"; fileEncoding = 4; lastKnownFileType = sourcecode.c.objc; explicitFileType = undefined; includeInIndex = 0; };
		516A0F5D2E91451A873E19B1 /* CDVMarket.h */ = {isa = PBXFileReference; name = "CDVMarket.h"; path = "cordova-plugin-market/CDVMarket.h"; sourceTree = "<group>"; fileEncoding = 4; lastKnownFileType = sourcecode.c.h; explicitFileType = undefined; includeInIndex = 0; };
		E0F02B3DA9EC44DFA34B4146 /* CFCallNumber.m */ = {isa = PBXFileReference; name = "CFCallNumber.m"; path = "mx.ferreyra.callnumber/CFCallNumber.m"; sourceTree = "<group>"; fileEncoding = 4; lastKnownFileType = sourcecode.c.objc; explicitFileType = undefined; includeInIndex = 0; };
		E2F81FDB252D4BC7AC411B8B /* CFCallNumber.h */ = {isa = PBXFileReference; name = "CFCallNumber.h"; path = "mx.ferreyra.callnumber/CFCallNumber.h"; sourceTree = "<group>"; fileEncoding = 4; lastKnownFileType = sourcecode.c.h; explicitFileType = undefined; includeInIndex = 0; };
		F231EFAE57E6407BB7ECBB2D /* CDVTTS.m */ = {isa = PBXFileReference; name = "CDVTTS.m"; path = "cordova-plugin-tts/CDVTTS.m"; sourceTree = "<group>"; fileEncoding = 4; lastKnownFileType = sourcecode.c.objc; explicitFileType = undefined; includeInIndex = 0; };
		63273F561F9A45A1984BF31F /* CDVTTS.h */ = {isa = PBXFileReference; name = "CDVTTS.h"; path = "cordova-plugin-tts/CDVTTS.h"; sourceTree = "<group>"; fileEncoding = 4; lastKnownFileType = sourcecode.c.h; explicitFileType = undefined; includeInIndex = 0; };
/* End PBXFileReference section */

/* Begin PBXFrameworksBuildPhase section */
		1D60588F0D05DD3D006BFB54 /* Frameworks */ = {
			isa = PBXFrameworksBuildPhase;
			buildActionMask = 2147483647;
			files = (
				301BF552109A68D80062928A /* libCordova.a in Frameworks */,
				62FD930FA42F47C797D375DC /* Razorpay.framework in Frameworks */,
				2965F8F9C6944D85A5BE7C48 /* CoreTelephony.framework in Frameworks */,
				9344A9AF518D412187CD87BA /* SystemConfiguration.framework in Frameworks */,
				BF1E4D50CCD64A39BD06A84C /* Security.framework in Frameworks */,
				2F0E465E524F4A7BBF5C95AC /* ImageIO.framework in Frameworks */,
				34EF5ED3741A46D6942E2E01 /* CoreLocation.framework in Frameworks */,
				25743A5DAE9149FAB2997523 /* AVFoundation.framework in Frameworks */,
				8A5EAEB3ACB84F78A9801ED3 /* WebKit.framework in Frameworks */,
				918D13F535424100B51D0381 /* libz.tbd in Frameworks */,
			);
			runOnlyForDeploymentPostprocessing = 0;
		};
/* End PBXFrameworksBuildPhase section */

/* Begin PBXGroup section */
		080E96DDFE201D6D7F000001 /* Classes */ = {
			isa = PBXGroup;
			children = (
				302D95EE14D2391D003F00A1 /* MainViewController.h */,
				302D95EF14D2391D003F00A1 /* MainViewController.m */,
				302D95F014D2391D003F00A1 /* MainViewController.xib */,
				1D3623240D0F684500981E51 /* AppDelegate.h */,
				1D3623250D0F684500981E51 /* AppDelegate.m */,
			);
			name = Classes;
			path = "Medicine Shoppee/Classes";
			sourceTree = SOURCE_ROOT;
		};
		19C28FACFE9D520D11CA2CBB /* Products */ = {
			isa = PBXGroup;
			children = (
				1D6058910D05DD3D006BFB54 /* Medicine Shoppee.app */,
			);
			name = Products;
			sourceTree = "<group>";
		};
		29B97314FDCFA39411CA2CEA /* CustomTemplate */ = {
			isa = PBXGroup;
			children = (
				EB87FDF41871DAF40020F90C /* config.xml */,
				EB87FDF31871DA8E0020F90C /* www */,
				EB87FDF11871DA420020F90C /* Staging */,
				301BF52D109A57CC0062928A /* CordovaLib/CordovaLib.xcodeproj */,
				080E96DDFE201D6D7F000001 /* Classes */,
				307C750510C5A3420062BCA9 /* Plugins */,
				29B97315FDCFA39411CA2CEA /* Other Sources */,
				29B97317FDCFA39411CA2CEA /* Resources */,
				29B97323FDCFA39411CA2CEA /* Frameworks */,
				19C28FACFE9D520D11CA2CBB /* Products */,
			);
			name = CustomTemplate;
			sourceTree = "<group>";
		};
		29B97315FDCFA39411CA2CEA /* Other Sources */ = {
			isa = PBXGroup;
			children = (
				32CA4F630368D1EE00C91783 /* Medicine Shoppee-Prefix.pch */,
				29B97316FDCFA39411CA2CEA /* main.m */,
				ED33DF2A687741AEAF9F8254 /* Bridging-Header.h */,
			);
			name = "Other Sources";
			path = "Medicine Shoppee";
			sourceTree = "<group>";
		};
		29B97317FDCFA39411CA2CEA /* Resources */ = {
			isa = PBXGroup;
			children = (
				0207DA571B56EA530066E2B4 /* Images.xcassets */,
				3047A50E1AB8057F00498E2A /* config */,
				8D1107310486CEB800E47090 /* Medicine Shoppee-Info.plist */,
				6AFF5BF81D6E424B00AB3073 /* CDVLaunchScreen.storyboard */,
			);
			name = Resources;
			path = "Medicine Shoppee/Resources";
			sourceTree = "<group>";
		};
		29B97323FDCFA39411CA2CEA /* Frameworks */ = {
			isa = PBXGroup;
			children = (
				C80FE7ABDFBF4695A8427064 /* Razorpay.framework */,
				2EE9331DC15B4BD39B6F6ACF /* CoreTelephony.framework */,
				5E056591C076417DAA6C5154 /* SystemConfiguration.framework */,
				CF1A608140B94672859BFA01 /* Security.framework */,
				F6F5E523CE584472865FE670 /* ImageIO.framework */,
				A732BFBAB97444BD943A3FBE /* CoreLocation.framework */,
				CCD6389502B4462A8DE9D76A /* AVFoundation.framework */,
				51210ABE234B4AD1AD7B7753 /* WebKit.framework */,
				00018CABE7CA497CB577604E /* libz.tbd */,
			);
			name = Frameworks;
			sourceTree = "<group>";
		};
		301BF52E109A57CC0062928A /* Products */ = {
			isa = PBXGroup;
			children = (
				301BF535109A57CC0062928A /* libCordova.a */,
				3930182021CCB77A00C5B831 /* Cordova.framework */,
			);
			name = Products;
			sourceTree = "<group>";
		};
		3047A50E1AB8057F00498E2A /* config */ = {
			isa = PBXGroup;
			children = (
				3047A50F1AB8059700498E2A /* build-debug.xcconfig */,
				3047A5101AB8059700498E2A /* build-release.xcconfig */,
				3047A5111AB8059700498E2A /* build.xcconfig */,
			);
			name = config;
			sourceTree = "<group>";
		};
		307C750510C5A3420062BCA9 /* Plugins */ = {
			isa = PBXGroup;
			children = (
				74D265217B4347FFBDC35A6C /* PhotoViewer.m */,
				5CFA49C2B8074A0B8220FA32 /* Main.m */,
				A224C408A20E4607AB7F23A0 /* Main.h */,
				F1FD1CE88A614F21B1020C37 /* CDVFile.m */,
				E6AAB6666DAE405BABEB9335 /* CDVLocalFilesystem.m */,
				0A0F150665094115862D1F90 /* CDVAssetLibraryFilesystem.m */,
				8A570C31A8BB404EBAD8A84C /* CDVFile.h */,
				3F69EC92175D407B9A2D3A7B /* CDVLocalFilesystem.h */,
				88D4A7DECBC34302AA724ED8 /* CDVAssetLibraryFilesystem.h */,
				FA8104ABF8EC486797223E86 /* CordovaHttpPlugin.m */,
				B88B4F9D7D424D92983CD64D /* TextResponseSerializer.m */,
				B53C93AD43A34633BDD70D01 /* TextRequestSerializer.m */,
				06228E83195042C5AFA9E7C9 /* AFHTTPSessionManager.m */,
				E6D8E85485E54BB686AF9F26 /* AFNetworkReachabilityManager.m */,
				B060A67E200B43FE8EC726F7 /* AFSecurityPolicy.m */,
				3BBDC19C687B4F5E8E4CAA8E /* AFURLRequestSerialization.m */,
				D3B1433C6CA44BA89C0BEBDC /* AFURLResponseSerialization.m */,
				1151C5DE881B4692AB89FD89 /* AFURLSessionManager.m */,
				87CB631692574389AD8FAA25 /* SDNetworkActivityIndicator.m */,
				8E225C373B954A35AF02E878 /* CordovaHttpPlugin.h */,
				FD6ED5730D114981A0F0A183 /* TextResponseSerializer.h */,
				0FB22526B8A0432BBEA4D07D /* TextRequestSerializer.h */,
				4C67ECEBD7E24670AD7D83E3 /* AFHTTPSessionManager.h */,
				5A2E293D4E03452F88770112 /* AFNetworking.h */,
				B837B559B3AC46B392FA5A88 /* AFNetworkReachabilityManager.h */,
				9D153E7558F04AE2B616C220 /* AFSecurityPolicy.h */,
				04F61E9975DC46B9926E7759 /* AFURLRequestSerialization.h */,
				E0688DA9A2DD40B798777EA2 /* AFURLResponseSerialization.h */,
				64852614B5DC4E0D899FBF56 /* AFURLSessionManager.h */,
				07E9C499688940FFBC1EA3E1 /* SDNetworkActivityIndicator.h */,
				BAD9EFFBA5E1467089CAA6B7 /* RareloopAppVersion.m */,
				F22AED1775BC452AA4129533 /* RareloopAppVersion.h */,
				8321FF9B071D41449F2B7775 /* AppVersion.m */,
				411379C6637D4880A6B0EC3B /* AppVersion.h */,
				EA8AB4B219A54AC89C31983D /* UIImage+CropScaleOrientation.m */,
				55EAEBD02ADD484593374083 /* CDVCamera.m */,
				6AE0B635930A47ACA53E7322 /* CDVJpegHeaderWriter.m */,
				ABFAD5C94A1C4D8CA700A9CA /* UIImage+CropScaleOrientation.h */,
				9AD31227047F4850A167C398 /* CDVCamera.h */,
				0A2F6898BBC44B56983ABE0D /* CDVJpegHeaderWriter.h */,
				5D064583FC064BAEB73A6DE8 /* CDVExif.h */,
				05F5677927BE4996B8C42869 /* CDVDevice.m */,
				A8E42F7F2AC2496EA4DFAB80 /* CDVDevice.h */,
				7107CC71EF2E4275AEC081C6 /* CDVFileTransfer.m */,
				E74FDB0A1C7C48A5AE29DEE9 /* CDVFileTransfer.h */,
				C4F08AB453554666918F826F /* CDVIonicKeyboard.m */,
				A19776E9313D48979E32B8EB /* CDVIonicKeyboard.h */,
				8D7A53BA9DF342A692F95C73 /* CDVWKWebViewEngine.m */,
				DACC2F9B723C4B6E856C4E2A /* CDVWKWebViewUIDelegate.m */,
				75A087299022496AB24DA3FB /* CDVWKProcessPoolFactory.m */,
				F112F358FB22430B95FE0F01 /* GCDWebServer.m */,
				842E8BDA8DEC4F22B3D9DA3C /* GCDWebServerConnection.m */,
				89B994FB53DA480492FCE067 /* GCDWebServerFunctions.m */,
				2637A8CE08174CD0B0186B64 /* GCDWebServerRequest.m */,
				418E7CE7B70347A8A9C81FEB /* GCDWebServerResponse.m */,
				443A65A74B4F443B8BEDDAF2 /* GCDWebServerDataRequest.m */,
				24C3CBFCDCCD487AB12D9CAE /* GCDWebServerFileRequest.m */,
				BFB6C72C56364ECB9EA5A220 /* GCDWebServerMultiPartFormRequest.m */,
				B2FE3810277A431AB87870BD /* GCDWebServerURLEncodedFormRequest.m */,
				B8152952FF8E4AD3AF461189 /* GCDWebServerDataResponse.m */,
				3150552B518C4A16AB393D50 /* GCDWebServerErrorResponse.m */,
				5FAF50E8E6684EA6BA59B6F6 /* GCDWebServerFileResponse.m */,
				B22B60C4F7C2434988FA4A69 /* GCDWebServerStreamedResponse.m */,
				745D32712D194C0CB95AAA39 /* CDVWKWebViewEngine.h */,
				3DAE0BCBE1084C009F5D99A0 /* CDVWKWebViewUIDelegate.h */,
				04F86DF212B64985BE3AF41C /* CDVWKProcessPoolFactory.h */,
				FA52C5BC2E82486583259FCE /* GCDWebServer.h */,
				646C993768A645699535685F /* GCDWebServerConnection.h */,
				497F91EA9F3B404496AA191C /* GCDWebServerFunctions.h */,
				214A31187E92458C9BDA3AC6 /* GCDWebServerHTTPStatusCodes.h */,
				57528BD474D243989CFE95F2 /* GCDWebServerPrivate.h */,
				2D7E719D0B854426BB6A0711 /* GCDWebServerRequest.h */,
				78F17823DB3A40D1BA10D529 /* GCDWebServerResponse.h */,
				EB67B28D8D90477B8F1D0D41 /* GCDWebServerDataRequest.h */,
				F8B1603D97D641F3B5846C1C /* GCDWebServerFileRequest.h */,
				085AB4F5DBEF43D7B689E8D8 /* GCDWebServerMultiPartFormRequest.h */,
				6F542A71889346EE95C68195 /* GCDWebServerURLEncodedFormRequest.h */,
				3CF5193AE19B4ACBAD61F3DD /* GCDWebServerDataResponse.h */,
				1ED7FE16411A400CB5B98EBD /* GCDWebServerErrorResponse.h */,
				62C0D5DCBAF640A5B983B017 /* GCDWebServerFileResponse.h */,
				F0110FC056244803BEB1872E /* GCDWebServerStreamedResponse.h */,
				C199D53493BB4589B63EBC6A /* CDVSplashScreen.m */,
				FBC389213F324127BA8CD182 /* CDVViewController+SplashScreen.m */,
				B56150D535CC46ABBCBE661C /* CDVSplashScreen.h */,
				0BE60822BC704039975E84FF /* CDVViewController+SplashScreen.h */,
				F2DF36BD753C4CE484B8BD40 /* CDVStatusBar.m */,
				89A7C910FC214C4AACA34E8A /* CDVStatusBar.h */,
				2458AA67618342749D69A1BF /* CDVMarket.m */,
				516A0F5D2E91451A873E19B1 /* CDVMarket.h */,
				E0F02B3DA9EC44DFA34B4146 /* CFCallNumber.m */,
				E2F81FDB252D4BC7AC411B8B /* CFCallNumber.h */,
				F231EFAE57E6407BB7ECBB2D /* CDVTTS.m */,
				63273F561F9A45A1984BF31F /* CDVTTS.h */,
			);
			name = Plugins;
			path = "Medicine Shoppee/Plugins";
			sourceTree = SOURCE_ROOT;
		};
		EB87FDF11871DA420020F90C /* Staging */ = {
			isa = PBXGroup;
			children = (
				F840E1F0165FE0F500CFE078 /* config.xml */,
				301BF56E109A69640062928A /* www */,
			);
			name = Staging;
			sourceTree = "<group>";
		};
/* End PBXGroup section */

/* Begin PBXNativeTarget section */
		1D6058900D05DD3D006BFB54 /* Medicine Shoppee */ = {
			isa = PBXNativeTarget;
			buildConfigurationList = 1D6058960D05DD3E006BFB54 /* Build configuration list for PBXNativeTarget "Medicine Shoppee" */;
			buildPhases = (
				304B58A110DAC018002A0835 /* Copy www directory */,
				1D60588D0D05DD3D006BFB54 /* Resources */,
				1D60588E0D05DD3D006BFB54 /* Sources */,
				1D60588F0D05DD3D006BFB54 /* Frameworks */,
			);
			buildRules = (
			);
			dependencies = (
				301BF551109A68C00062928A /* PBXTargetDependency */,
			);
			name = "Medicine Shoppee";
			productName = "Medicine Shoppee";
			productReference = 1D6058910D05DD3D006BFB54 /* Medicine Shoppee.app */;
			productType = "com.apple.product-type.application";
		};
/* End PBXNativeTarget section */

/* Begin PBXProject section */
		29B97313FDCFA39411CA2CEA /* Project object */ = {
			isa = PBXProject;
			attributes = {
				LastUpgradeCheck = 510;
				TargetAttributes = {
					1D6058900D05DD3D006BFB54 = {
						DevelopmentTeam = LAU2W46QDJ;
						ProvisioningStyle = Automatic;
					};
				};
			};
			buildConfigurationList = C01FCF4E08A954540054247B /* Build configuration list for PBXProject "Medicine Shoppee" */;
			compatibilityVersion = "Xcode 3.2";
			developmentRegion = English;
			hasScannedForEncodings = 1;
			knownRegions = (
				en,
			);
			mainGroup = 29B97314FDCFA39411CA2CEA /* CustomTemplate */;
			projectDirPath = "";
			projectReferences = (
				{
					ProductGroup = 301BF52E109A57CC0062928A /* Products */;
					ProjectRef = 301BF52D109A57CC0062928A /* CordovaLib/CordovaLib.xcodeproj */;
				},
			);
			projectRoot = "";
			targets = (
				1D6058900D05DD3D006BFB54 /* Medicine Shoppee */,
			);
		};
/* End PBXProject section */

/* Begin PBXReferenceProxy section */
		301BF535109A57CC0062928A /* libCordova.a */ = {
			isa = PBXReferenceProxy;
			fileType = archive.ar;
			path = libCordova.a;
			remoteRef = 301BF534109A57CC0062928A /* PBXContainerItemProxy */;
			sourceTree = BUILT_PRODUCTS_DIR;
		};
		3930182021CCB77A00C5B831 /* Cordova.framework */ = {
			isa = PBXReferenceProxy;
			fileType = wrapper.framework;
			path = Cordova.framework;
			remoteRef = 3930181F21CCB77A00C5B831 /* PBXContainerItemProxy */;
			sourceTree = BUILT_PRODUCTS_DIR;
		};
/* End PBXReferenceProxy section */

/* Begin PBXResourcesBuildPhase section */
		1D60588D0D05DD3D006BFB54 /* Resources */ = {
			isa = PBXResourcesBuildPhase;
			buildActionMask = 2147483647;
			files = (
				302D95F214D2391D003F00A1 /* MainViewController.xib in Resources */,
				0207DA581B56EA530066E2B4 /* Images.xcassets in Resources */,
				6AFF5BF91D6E424B00AB3073 /* CDVLaunchScreen.storyboard in Resources */,
			);
			runOnlyForDeploymentPostprocessing = 0;
		};
/* End PBXResourcesBuildPhase section */

/* Begin PBXShellScriptBuildPhase section */
		304B58A110DAC018002A0835 /* Copy www directory */ = {
			isa = PBXShellScriptBuildPhase;
			buildActionMask = 2147483647;
			files = (
			);
			inputPaths = (
			);
			name = "Copy www directory";
			outputPaths = (
			);
			runOnlyForDeploymentPostprocessing = 0;
			shellPath = /bin/sh;
			shellScript = "NODEJS_PATH=/usr/local/bin; NVM_NODE_PATH=~/.nvm/versions/node/`nvm version 2>/dev/null`/bin; N_NODE_PATH=`find /usr/local/n/versions/node/* -maxdepth 0 -type d 2>/dev/null | tail -1`/bin; XCODE_NODE_PATH=`xcode-select --print-path`/usr/share/xcs/Node/bin; PATH=$NODEJS_PATH:$NVM_NODE_PATH:$N_NODE_PATH:$XCODE_NODE_PATH:$PATH && node cordova/lib/copy-www-build-step.js";
			showEnvVarsInLog = 0;
		};
/* End PBXShellScriptBuildPhase section */

/* Begin PBXSourcesBuildPhase section */
		1D60588E0D05DD3D006BFB54 /* Sources */ = {
			isa = PBXSourcesBuildPhase;
			buildActionMask = 2147483647;
			files = (
				1D60589B0D05DD56006BFB54 /* main.m in Sources */,
				1D3623260D0F684500981E51 /* AppDelegate.m in Sources */,
				302D95F114D2391D003F00A1 /* MainViewController.m in Sources */,
				D161D912651943F280C32CCC /* PhotoViewer.m in Sources */,
				E475323861CC4C34A7F1115E /* Main.m in Sources */,
				707EBAC7B0E64680B9EF68B0 /* CDVFile.m in Sources */,
				DA0395461F764D34984DC45E /* CDVLocalFilesystem.m in Sources */,
				5BD22DFEBC55402993BE56C7 /* CDVAssetLibraryFilesystem.m in Sources */,
				6CF288EB191547D19323EFE7 /* CordovaHttpPlugin.m in Sources */,
				C207C1B7ED3342B18CEFBE99 /* TextResponseSerializer.m in Sources */,
				D64D2D39F1264F82949E5D8D /* TextRequestSerializer.m in Sources */,
				8705272D7C9E4FA2B03F2C71 /* AFHTTPSessionManager.m in Sources */,
				6CE0FEDE855F49379F389598 /* AFNetworkReachabilityManager.m in Sources */,
				81AA1792856C454DA8088564 /* AFSecurityPolicy.m in Sources */,
				52B248EF434A43FCBCF8101F /* AFURLRequestSerialization.m in Sources */,
				9B430645FE2F46F89E6501D8 /* AFURLResponseSerialization.m in Sources */,
				8C1C75B2289247CEAE4D48C4 /* AFURLSessionManager.m in Sources */,
				D2C3CF9D6EE143C09A78B1B6 /* SDNetworkActivityIndicator.m in Sources */,
				CB229F007E654A9DAA62BE36 /* RareloopAppVersion.m in Sources */,
				A8DCF8E9AE854697BFF0660B /* AppVersion.m in Sources */,
				849E5E2DD6F145BFAC026233 /* UIImage+CropScaleOrientation.m in Sources */,
				E60A6943C213479F862782D1 /* CDVCamera.m in Sources */,
				0E3BA5ED46DF456BBC3C3568 /* CDVJpegHeaderWriter.m in Sources */,
				BFA8BAE8CD614E3EAC61900B /* CDVDevice.m in Sources */,
				476A1B48DD824E41B3A06687 /* CDVFileTransfer.m in Sources */,
				DAE7EEF8CB084C11B12E5B9B /* CDVIonicKeyboard.m in Sources */,
				C16AC4DA10D046CD817E9280 /* CDVWKWebViewEngine.m in Sources */,
				6882F53F19B84AA0B849FF5B /* CDVWKWebViewUIDelegate.m in Sources */,
				C63B619B1D854494AB7F2458 /* CDVWKProcessPoolFactory.m in Sources */,
				4383AD7F78D04F1494A775F4 /* GCDWebServer.m in Sources */,
				A43AA7A69CBC441FA2634F9C /* GCDWebServerConnection.m in Sources */,
				1E8E0EE8231E413094FE7655 /* GCDWebServerFunctions.m in Sources */,
				56A48BD712434E79A24793BC /* GCDWebServerRequest.m in Sources */,
				BF0D7913DF714880B06312DB /* GCDWebServerResponse.m in Sources */,
				9164C1C4541D46A992427ED3 /* GCDWebServerDataRequest.m in Sources */,
				5F814129EDB843FE8B4C4656 /* GCDWebServerFileRequest.m in Sources */,
				74BF5263A08141558ECA7B37 /* GCDWebServerMultiPartFormRequest.m in Sources */,
				48C0C04AE5464859A8B8BD2C /* GCDWebServerURLEncodedFormRequest.m in Sources */,
				DD3F748E8A3741CBBBE890E5 /* GCDWebServerDataResponse.m in Sources */,
				C991D765440349818B138ED8 /* GCDWebServerErrorResponse.m in Sources */,
				01A14DDC64C846FDB4F34156 /* GCDWebServerFileResponse.m in Sources */,
				7E4F5971C87C43419F8D0422 /* GCDWebServerStreamedResponse.m in Sources */,
				7C79F66B5D1E40FC937F7B0B /* CDVSplashScreen.m in Sources */,
				BFBE0E27D7D6435DA1E38D37 /* CDVViewController+SplashScreen.m in Sources */,
				56AD58A0308F46B08BB0EAEB /* CDVStatusBar.m in Sources */,
				FF5C78CE3B3444E5A8DBD77D /* CDVMarket.m in Sources */,
				3E745923A8BF4BC3A861CB03 /* CFCallNumber.m in Sources */,
				5A1838F6C544475CA8B1E941 /* CDVTTS.m in Sources */,
			);
			runOnlyForDeploymentPostprocessing = 0;
		};
/* End PBXSourcesBuildPhase section */

/* Begin PBXTargetDependency section */
		301BF551109A68C00062928A /* PBXTargetDependency */ = {
			isa = PBXTargetDependency;
			name = CordovaLib;
			targetProxy = 301BF550109A68C00062928A /* PBXContainerItemProxy */;
		};
/* End PBXTargetDependency section */

/* Begin XCBuildConfiguration section */
		1D6058940D05DD3E006BFB54 /* Debug */ = {
			isa = XCBuildConfiguration;
			baseConfigurationReference = 3047A50F1AB8059700498E2A /* build-debug.xcconfig */;
			buildSettings = {
				ALWAYS_SEARCH_USER_PATHS = NO;
				ASSETCATALOG_COMPILER_APPICON_NAME = AppIcon;
				ASSETCATALOG_COMPILER_LAUNCHIMAGE_NAME = LaunchImage;
				CLANG_ENABLE_MODULES = YES;
				CLANG_ENABLE_OBJC_ARC = YES;
				CODE_SIGN_IDENTITY = "iPhone Developer";
				CODE_SIGN_STYLE = Automatic;
				COPY_PHASE_STRIP = NO;
				DEVELOPMENT_TEAM = LAU2W46QDJ;
				FRAMEWORK_SEARCH_PATHS = (
					"$(inherited)",
					Medicine,
					Shoppee/Plugins/com.razorpay.cordova,
					"$(PROJECT_DIR)/Medicine\\ Shoppee/Plugins/com.razorpay.cordova",
				);
				GCC_DYNAMIC_NO_PIC = NO;
				GCC_OPTIMIZATION_LEVEL = 0;
				GCC_PRECOMPILE_PREFIX_HEADER = YES;
				GCC_PREFIX_HEADER = "Medicine Shoppee/Medicine Shoppee-Prefix.pch";
				GCC_THUMB_SUPPORT = NO;
				GCC_VERSION = "";
				INFOPLIST_FILE = "Medicine Shoppee/Medicine Shoppee-Info.plist";
				IPHONEOS_DEPLOYMENT_TARGET = 9.0;
				LD_RUNPATH_SEARCH_PATHS = "@executable_path/Frameworks";
				PRODUCT_BUNDLE_IDENTIFIER = com.medicineshoppee.ms;
				PRODUCT_NAME = "Medicine Shoppee";
				PROVISIONING_PROFILE_SPECIFIER = "";
				TARGETED_DEVICE_FAMILY = "1,2";
			};
			name = Debug;
		};
		1D6058950D05DD3E006BFB54 /* Release */ = {
			isa = XCBuildConfiguration;
			baseConfigurationReference = 3047A5101AB8059700498E2A /* build-release.xcconfig */;
			buildSettings = {
				ALWAYS_SEARCH_USER_PATHS = NO;
				ASSETCATALOG_COMPILER_APPICON_NAME = AppIcon;
				ASSETCATALOG_COMPILER_LAUNCHIMAGE_NAME = LaunchImage;
				CLANG_ENABLE_MODULES = YES;
				CLANG_ENABLE_OBJC_ARC = YES;
				CODE_SIGN_IDENTITY = "iPhone Developer";
				CODE_SIGN_STYLE = Automatic;
				COPY_PHASE_STRIP = YES;
				DEVELOPMENT_TEAM = LAU2W46QDJ;
				FRAMEWORK_SEARCH_PATHS = (
					"$(inherited)",
					Medicine,
					Shoppee/Plugins/com.razorpay.cordova,
					"$(PROJECT_DIR)/Medicine\\ Shoppee/Plugins/com.razorpay.cordova",
				);
				GCC_PRECOMPILE_PREFIX_HEADER = YES;
				GCC_PREFIX_HEADER = "Medicine Shoppee/Medicine Shoppee-Prefix.pch";
				GCC_THUMB_SUPPORT = NO;
				GCC_VERSION = "";
				INFOPLIST_FILE = "Medicine Shoppee/Medicine Shoppee-Info.plist";
				IPHONEOS_DEPLOYMENT_TARGET = 9.0;
				LD_RUNPATH_SEARCH_PATHS = "@executable_path/Frameworks";
				PRODUCT_BUNDLE_IDENTIFIER = com.medicineshoppee.ms;
				PRODUCT_NAME = "Medicine Shoppee";
				PROVISIONING_PROFILE_SPECIFIER = "";
				TARGETED_DEVICE_FAMILY = "1,2";
			};
			name = Release;
		};
		C01FCF4F08A954540054247B /* Debug */ = {
			isa = XCBuildConfiguration;
			baseConfigurationReference = 3047A5111AB8059700498E2A /* build.xcconfig */;
			buildSettings = {
				CLANG_ENABLE_MODULES = YES;
				CLANG_ENABLE_OBJC_ARC = YES;
				CLANG_WARN_BOOL_CONVERSION = YES;
				CLANG_WARN_CONSTANT_CONVERSION = YES;
				CLANG_WARN_EMPTY_BODY = YES;
				CLANG_WARN_ENUM_CONVERSION = YES;
				CLANG_WARN_INT_CONVERSION = YES;
				CLANG_WARN__DUPLICATE_METHOD_MATCH = YES;
				GCC_C_LANGUAGE_STANDARD = c99;
				GCC_THUMB_SUPPORT = NO;
				GCC_VERSION = "";
				GCC_WARN_ABOUT_RETURN_TYPE = YES;
				GCC_WARN_UNDECLARED_SELECTOR = YES;
				GCC_WARN_UNINITIALIZED_AUTOS = YES;
				GCC_WARN_UNUSED_FUNCTION = YES;
				GCC_WARN_UNUSED_VARIABLE = YES;
				ONLY_ACTIVE_ARCH = YES;
				SDKROOT = iphoneos;
				SKIP_INSTALL = NO;
			};
			name = Debug;
		};
		C01FCF5008A954540054247B /* Release */ = {
			isa = XCBuildConfiguration;
			baseConfigurationReference = 3047A5111AB8059700498E2A /* build.xcconfig */;
			buildSettings = {
				CLANG_ENABLE_MODULES = YES;
				CLANG_ENABLE_OBJC_ARC = YES;
				CLANG_WARN_BOOL_CONVERSION = YES;
				CLANG_WARN_CONSTANT_CONVERSION = YES;
				CLANG_WARN_EMPTY_BODY = YES;
				CLANG_WARN_ENUM_CONVERSION = YES;
				CLANG_WARN_INT_CONVERSION = YES;
				CLANG_WARN__DUPLICATE_METHOD_MATCH = YES;
				GCC_C_LANGUAGE_STANDARD = c99;
				GCC_THUMB_SUPPORT = NO;
				GCC_VERSION = "";
				GCC_WARN_ABOUT_RETURN_TYPE = YES;
				GCC_WARN_UNDECLARED_SELECTOR = YES;
				GCC_WARN_UNINITIALIZED_AUTOS = YES;
				GCC_WARN_UNUSED_FUNCTION = YES;
				GCC_WARN_UNUSED_VARIABLE = YES;
				SDKROOT = iphoneos;
				SKIP_INSTALL = NO;
			};
			name = Release;
		};
/* End XCBuildConfiguration section */

/* Begin XCConfigurationList section */
		1D6058960D05DD3E006BFB54 /* Build configuration list for PBXNativeTarget "Medicine Shoppee" */ = {
			isa = XCConfigurationList;
			buildConfigurations = (
				1D6058940D05DD3E006BFB54 /* Debug */,
				1D6058950D05DD3E006BFB54 /* Release */,
			);
			defaultConfigurationIsVisible = 0;
			defaultConfigurationName = Release;
		};
		C01FCF4E08A954540054247B /* Build configuration list for PBXProject "Medicine Shoppee" */ = {
			isa = XCConfigurationList;
			buildConfigurations = (
				C01FCF4F08A954540054247B /* Debug */,
				C01FCF5008A954540054247B /* Release */,
			);
			defaultConfigurationIsVisible = 0;
			defaultConfigurationName = Release;
		};
/* End XCConfigurationList section */
	};
	rootObject = 29B97313FDCFA39411CA2CEA /* Project object */;
}
